
Microsoft Visual Studio Solution File, Format Version 12.00
# Visual Studio Version 17
VisualStudioVersion = 17.3.32819.101
MinimumVisualStudioVersion = 10.0.40219.1
Project("{FAE04EC0-301F-11D3-BF4B-00C04F79EFBC}") = "RelativelyPrime", "RelativelyPrime\RelativelyPrime.csproj", "{20231033-D341-4A26-A2C7-FC865BC423BC}"
EndProject
Global
	GlobalSection(SolutionConfigurationPlatforms) = preSolution
		Debug|Any CPU = Debug|Any CPU
		Release|Any CPU = Release|Any CPU
	EndGlobalSection
	GlobalSection(ProjectConfigurationPlatforms) = postSolution
		{20231033-D341-4A26-A2C7-FC865BC423BC}.Debug|Any CPU.ActiveCfg = Debug|Any CPU
		{20231033-D341-4A26-A2C7-FC865BC423BC}.Debug|Any CPU.Build.0 = Debug|Any CPU
		{20231033-D341-4A26-A2C7-FC865BC423BC}.Release|Any CPU.ActiveCfg = Release|Any CPU
		{20231033-D341-4A26-A2C7-FC865BC423BC}.Release|Any CPU.Build.0 = Release|Any CPU
	EndGlobalSection
	GlobalSection(SolutionProperties) = preSolution
		HideSolutionNode = FALSE
	EndGlobalSection
	GlobalSection(ExtensibilityGlobals) = postSolution
		SolutionGuid = {B1E6089D-A1DD-437A-B682-116DEB190C14}
	EndGlobalSection
EndGlobal
